github.com/go-routeros/routeros v0.0.0-20210123142807-2a44d57c6730 h1:EuqwWLv/LPPjhvFqkeD2bz+FOlvw2DjvDI7vK8GVeyY=
github.com/go-routeros/routeros v0.0.0-20210123142807-2a44d57c6730/go.mod h1:em1mEqFKnoeQuQP9Sg7i26yaW8o05WwcNj7yLhrXxSQ=
github.com/gorilla/websocket v1.5.3 h1:saDtZ6Pbx/0u+bgYQ3q96pZgCzfhKXGPqt7kZ72aNNg=
github.com/gorilla/websocket v1.5.3/go.mod h1:YR8l580nyteQvAITg2hZ9XVh4b55+EU/adAjf1fMHhE=
